// !$*UTF8*$!
{
	archiveVersion = 1;
	classes = {
	};
	objectVersion = 50;
	objects = {

/* Begin PBXBuildFile section */
		0A16726325E0611B0031C4FA /* LocationManager.swift in Sources */ = {isa = PBXBuildFile; fileRef = 0A16726225E0611B0031C4FA /* LocationManager.swift */; };
		0A72BCB625E0745E0009F32F /* NewBooking.swift in Sources */ = {isa = PBXBuildFile; fileRef = 0A72BCB525E0745E0009F32F /* NewBooking.swift */; };
		0A72BCB925E07ECB0009F32F /* NewBookingViewModel.swift in Sources */ = {isa = PBXBuildFile; fileRef = 0A72BCB825E07ECB0009F32F /* NewBookingViewModel.swift */; };
		0A72BCBD25E0808F0009F32F /* MKMapItem+Identifiable.swift in Sources */ = {isa = PBXBuildFile; fileRef = 0A72BCBC25E0808F0009F32F /* MKMapItem+Identifiable.swift */; };
		820ACAC625E057F500355377 /* MapView.swift in Sources */ = {isa = PBXBuildFile; fileRef = 820ACAC525E057F500355377 /* MapView.swift */; };
		820ACAC925E05A5100355377 /* SearchBar.swift in Sources */ = {isa = PBXBuildFile; fileRef = 820ACAC825E05A5100355377 /* SearchBar.swift */; };
		D2DBAADF25E047490005042D /* BookMyVaccineApp.swift in Sources */ = {isa = PBXBuildFile; fileRef = D2DBAADE25E047490005042D /* BookMyVaccineApp.swift */; };
		D2DBAAE125E047490005042D /* RootView.swift in Sources */ = {isa = PBXBuildFile; fileRef = D2DBAAE025E047490005042D /* RootView.swift */; };
		D2DBAAE325E0474A0005042D /* Assets.xcassets in Resources */ = {isa = PBXBuildFile; fileRef = D2DBAAE225E0474A0005042D /* Assets.xcassets */; };
		D2DBAAE625E0474A0005042D /* Preview Assets.xcassets in Resources */ = {isa = PBXBuildFile; fileRef = D2DBAAE525E0474A0005042D /* Preview Assets.xcassets */; };
/* End PBXBuildFile section */

/* Begin PBXFileReference section */
		0A16726225E0611B0031C4FA /* LocationManager.swift */ = {isa = PBXFileReference; lastKnownFileType = sourcecode.swift; path = LocationManager.swift; sourceTree = "<group>"; };
		0A72BCB525E0745E0009F32F /* NewBooking.swift */ = {isa = PBXFileReference; lastKnownFileType = sourcecode.swift; path = NewBooking.swift; sourceTree = "<group>"; };
		0A72BCB825E07ECB0009F32F /* NewBookingViewModel.swift */ = {isa = PBXFileReference; lastKnownFileType = sourcecode.swift; path = NewBookingViewModel.swift; sourceTree = "<group>"; };
		0A72BCBC25E0808F0009F32F /* MKMapItem+Identifiable.swift */ = {isa = PBXFileReference; lastKnownFileType = sourcecode.swift; path = "MKMapItem+Identifiable.swift"; sourceTree = "<group>"; };
		820ACAC525E057F500355377 /* MapView.swift */ = {isa = PBXFileReference; lastKnownFileType = sourcecode.swift; path = MapView.swift; sourceTree = "<group>"; };
		820ACAC825E05A5100355377 /* SearchBar.swift */ = {isa = PBXFileReference; lastKnownFileType = sourcecode.swift; path = SearchBar.swift; sourceTree = "<group>"; };
		D2DBAADB25E047490005042D /* BookMyVaccine.app */ = {isa = PBXFileReference; explicitFileType = wrapper.application; includeInIndex = 0; path = BookMyVaccine.app; sourceTree = BUILT_PRODUCTS_DIR; };
		D2DBAADE25E047490005042D /* BookMyVaccineApp.swift */ = {isa = PBXFileReference; lastKnownFileType = sourcecode.swift; path = BookMyVaccineApp.swift; sourceTree = "<group>"; };
		D2DBAAE025E047490005042D /* RootView.swift */ = {isa = PBXFileReference; lastKnownFileType = sourcecode.swift; path = RootView.swift; sourceTree = "<group>"; };
		D2DBAAE225E0474A0005042D /* Assets.xcassets */ = {isa = PBXFileReference; lastKnownFileType = folder.assetcatalog; path = Assets.xcassets; sourceTree = "<group>"; };
		D2DBAAE525E0474A0005042D /* Preview Assets.xcassets */ = {isa = PBXFileReference; lastKnownFileType = folder.assetcatalog; path = "Preview Assets.xcassets"; sourceTree = "<group>"; };
		D2DBAAE725E0474A0005042D /* Info.plist */ = {isa = PBXFileReference; lastKnownFileType = text.plist.xml; path = Info.plist; sourceTree = "<group>"; };
/* End PBXFileReference section */

/* Begin PBXFrameworksBuildPhase section */
		D2DBAAD825E047490005042D /* Frameworks */ = {
			isa = PBXFrameworksBuildPhase;
			buildActionMask = 2147483647;
			files = (
			);
			runOnlyForDeploymentPostprocessing = 0;
		};
/* End PBXFrameworksBuildPhase section */

/* Begin PBXGroup section */
		0A16726625E063C70031C4FA /* Support */ = {
			isa = PBXGroup;
			children = (
				D2DBAADE25E047490005042D /* BookMyVaccineApp.swift */,
				D2DBAAE225E0474A0005042D /* Assets.xcassets */,
				D2DBAAE725E0474A0005042D /* Info.plist */,
			);
			path = Support;
			sourceTree = "<group>";
		};
		0A16726825E063EC0031C4FA /* New Booking */ = {
			isa = PBXGroup;
			children = (
				820ACAC525E057F500355377 /* MapView.swift */,
				0A72BCB525E0745E0009F32F /* NewBooking.swift */,
				0A16726225E0611B0031C4FA /* LocationManager.swift */,
				820ACAC825E05A5100355377 /* SearchBar.swift */,
				0A72BCB825E07ECB0009F32F /* NewBookingViewModel.swift */,
			);
			path = "New Booking";
			sourceTree = "<group>";
		};
		0A16726925E063F50031C4FA /* My Bookings */ = {
			isa = PBXGroup;
			children = (
			);
			path = "My Bookings";
			sourceTree = "<group>";
		};
		0A72BCBB25E080800009F32F /* Utilities */ = {
			isa = PBXGroup;
			children = (
				0A72BCBC25E0808F0009F32F /* MKMapItem+Identifiable.swift */,
			);
			path = Utilities;
			sourceTree = "<group>";
		};
		D2DBAAD225E047490005042D = {
			isa = PBXGroup;
			children = (
				D2DBAADD25E047490005042D /* BookMyVaccine */,
				D2DBAADC25E047490005042D /* Products */,
			);
			sourceTree = "<group>";
		};
		D2DBAADC25E047490005042D /* Products */ = {
			isa = PBXGroup;
			children = (
				D2DBAADB25E047490005042D /* BookMyVaccine.app */,
			);
			name = Products;
			sourceTree = "<group>";
		};
		D2DBAADD25E047490005042D /* BookMyVaccine */ = {
			isa = PBXGroup;
			children = (
				0A16726825E063EC0031C4FA /* New Booking */,
				0A16726925E063F50031C4FA /* My Bookings */,
				0A72BCBB25E080800009F32F /* Utilities */,
				0A16726625E063C70031C4FA /* Support */,
				D2DBAAE025E047490005042D /* RootView.swift */,
				D2DBAAE425E0474A0005042D /* Preview Content */,
			);
			path = BookMyVaccine;
			sourceTree = "<group>";
		};
		D2DBAAE425E0474A0005042D /* Preview Content */ = {
			isa = PBXGroup;
			children = (
				D2DBAAE525E0474A0005042D /* Preview Assets.xcassets */,
			);
			path = "Preview Content";
			sourceTree = "<group>";
		};
/* End PBXGroup section */

/* Begin PBXNativeTarget section */
		D2DBAADA25E047490005042D /* BookMyVaccine */ = {
			isa = PBXNativeTarget;
			buildConfigurationList = D2DBAAEA25E0474A0005042D /* Build configuration list for PBXNativeTarget "BookMyVaccine" */;
			buildPhases = (
				D2DBAAD725E047490005042D /* Sources */,
				D2DBAAD825E047490005042D /* Frameworks */,
				D2DBAAD925E047490005042D /* Resources */,
			);
			buildRules = (
			);
			dependencies = (
			);
			name = BookMyVaccine;
			productName = BookMyVaccine;
			productReference = D2DBAADB25E047490005042D /* BookMyVaccine.app */;
			productType = "com.apple.product-type.application";
		};
/* End PBXNativeTarget section */

/* Begin PBXProject section */
		D2DBAAD325E047490005042D /* Project object */ = {
			isa = PBXProject;
			attributes = {
				LastSwiftUpdateCheck = 1240;
				LastUpgradeCheck = 1240;
				TargetAttributes = {
					D2DBAADA25E047490005042D = {
						CreatedOnToolsVersion = 12.4;
					};
				};
			};
			buildConfigurationList = D2DBAAD625E047490005042D /* Build configuration list for PBXProject "BookMyVaccine" */;
			compatibilityVersion = "Xcode 9.3";
			developmentRegion = en;
			hasScannedForEncodings = 0;
			knownRegions = (
				en,
				Base,
			);
			mainGroup = D2DBAAD225E047490005042D;
			productRefGroup = D2DBAADC25E047490005042D /* Products */;
			projectDirPath = "";
			projectRoot = "";
			targets = (
				D2DBAADA25E047490005042D /* BookMyVaccine */,
			);
		};
/* End PBXProject section */

/* Begin PBXResourcesBuildPhase section */
		D2DBAAD925E047490005042D /* Resources */ = {
			isa = PBXResourcesBuildPhase;
			buildActionMask = 2147483647;
			files = (
				D2DBAAE625E0474A0005042D /* Preview Assets.xcassets in Resources */,
				D2DBAAE325E0474A0005042D /* Assets.xcassets in Resources */,
			);
			runOnlyForDeploymentPostprocessing = 0;
		};
/* End PBXResourcesBuildPhase section */

/* Begin PBXSourcesBuildPhase section */
		D2DBAAD725E047490005042D /* Sources */ = {
			isa = PBXSourcesBuildPhase;
			buildActionMask = 2147483647;
			files = (
				D2DBAAE125E047490005042D /* RootView.swift in Sources */,
				820ACAC925E05A5100355377 /* SearchBar.swift in Sources */,
				0A16726325E0611B0031C4FA /* LocationManager.swift in Sources */,
				820ACAC625E057F500355377 /* MapView.swift in Sources */,
				0A72BCB625E0745E0009F32F /* NewBooking.swift in Sources */,
				D2DBAADF25E047490005042D /* BookMyVaccineApp.swift in Sources */,
				0A72BCB925E07ECB0009F32F /* NewBookingViewModel.swift in Sources */,
				0A72BCBD25E0808F0009F32F /* MKMapItem+Identifiable.swift in Sources */,
			);
			runOnlyForDeploymentPostprocessing = 0;
		};
/* End PBXSourcesBuildPhase section */

/* Begin XCBuildConfiguration section */
		D2DBAAE825E0474A0005042D /* Debug */ = {
			isa = XCBuildConfiguration;
			buildSettings = {
				ALWAYS_SEARCH_USER_PATHS = NO;
				CLANG_ANALYZER_NONNULL = YES;
				CLANG_ANALYZER_NUMBER_OBJECT_CONVERSION = YES_AGGRESSIVE;
				CLANG_CXX_LANGUAGE_STANDARD = "gnu++14";
				CLANG_CXX_LIBRARY = "libc++";
				CLANG_ENABLE_MODULES = YES;
				CLANG_ENABLE_OBJC_ARC = YES;
				CLANG_ENABLE_OBJC_WEAK = YES;
				CLANG_WARN_BLOCK_CAPTURE_AUTORELEASING = YES;
				CLANG_WARN_BOOL_CONVERSION = YES;
				CLANG_WARN_COMMA = YES;
				CLANG_WARN_CONSTANT_CONVERSION = YES;
				CLANG_WARN_DEPRECATED_OBJC_IMPLEMENTATIONS = YES;
				CLANG_WARN_DIRECT_OBJC_ISA_USAGE = YES_ERROR;
				CLANG_WARN_DOCUMENTATION_COMMENTS = YES;
				CLANG_WARN_EMPTY_BODY = YES;
				CLANG_WARN_ENUM_CONVERSION = YES;
				CLANG_WARN_INFINITE_RECURSION = YES;
				CLANG_WARN_INT_CONVERSION = YES;
				CLANG_WARN_NON_LITERAL_NULL_CONVERSION = YES;
				CLANG_WARN_OBJC_IMPLICIT_RETAIN_SELF = YES;
				CLANG_WARN_OBJC_LITERAL_CONVERSION = YES;
				CLANG_WARN_OBJC_ROOT_CLASS = YES_ERROR;
				CLANG_WARN_QUOTED_INCLUDE_IN_FRAMEWORK_HEADER = YES;
				CLANG_WARN_RANGE_LOOP_ANALYSIS = YES;
				CLANG_WARN_STRICT_PROTOTYPES = YES;
				CLANG_WARN_SUSPICIOUS_MOVE = YES;
				CLANG_WARN_UNGUARDED_AVAILABILITY = YES_AGGRESSIVE;
				CLANG_WARN_UNREACHABLE_CODE = YES;
				CLANG_WARN__DUPLICATE_METHOD_MATCH = YES;
				COPY_PHASE_STRIP = NO;
				DEBUG_INFORMATION_FORMAT = dwarf;
				ENABLE_STRICT_OBJC_MSGSEND = YES;
				ENABLE_TESTABILITY = YES;
				GCC_C_LANGUAGE_STANDARD = gnu11;
				GCC_DYNAMIC_NO_PIC = NO;
				GCC_NO_COMMON_BLOCKS = YES;
				GCC_OPTIMIZATION_LEVEL = 0;
				GCC_PREPROCESSOR_DEFINITIONS = (
					"DEBUG=1",
					"$(inherited)",
				);
				GCC_WARN_64_TO_32_BIT_CONVERSION = YES;
				GCC_WARN_ABOUT_RETURN_TYPE = YES_ERROR;
				GCC_WARN_UNDECLARED_SELECTOR = YES;
				GCC_WARN_UNINITIALIZED_AUTOS = YES_AGGRESSIVE;
				GCC_WARN_UNUSED_FUNCTION = YES;
				GCC_WARN_UNUSED_VARIABLE = YES;
				IPHONEOS_DEPLOYMENT_TARGET = 14.4;
				MTL_ENABLE_DEBUG_INFO = INCLUDE_SOURCE;
				MTL_FAST_MATH = YES;
				ONLY_ACTIVE_ARCH = YES;
				SDKROOT = iphoneos;
				SWIFT_ACTIVE_COMPILATION_CONDITIONS = DEBUG;
				SWIFT_OPTIMIZATION_LEVEL = "-Onone";
			};
			name = Debug;
		};
		D2DBAAE925E0474A0005042D /* Release */ = {
			isa = XCBuildConfiguration;
			buildSettings = {
				ALWAYS_SEARCH_USER_PATHS = NO;
				CLANG_ANALYZER_NONNULL = YES;
				CLANG_ANALYZER_NUMBER_OBJECT_CONVERSION = YES_AGGRESSIVE;
				CLANG_CXX_LANGUAGE_STANDARD = "gnu++14";
				CLANG_CXX_LIBRARY = "libc++";
				CLANG_ENABLE_MODULES = YES;
				CLANG_ENABLE_OBJC_ARC = YES;
				CLANG_ENABLE_OBJC_WEAK = YES;
				CLANG_WARN_BLOCK_CAPTURE_AUTORELEASING = YES;
				CLANG_WARN_BOOL_CONVERSION = YES;
				CLANG_WARN_COMMA = YES;
				CLANG_WARN_CONSTANT_CONVERSION = YES;
				CLANG_WARN_DEPRECATED_OBJC_IMPLEMENTATIONS = YES;
				CLANG_WARN_DIRECT_OBJC_ISA_USAGE = YES_ERROR;
				CLANG_WARN_DOCUMENTATION_COMMENTS = YES;
				CLANG_WARN_EMPTY_BODY = YES;
				CLANG_WARN_ENUM_CONVERSION = YES;
				CLANG_WARN_INFINITE_RECURSION = YES;
				CLANG_WARN_INT_CONVERSION = YES;
				CLANG_WARN_NON_LITERAL_NULL_CONVERSION = YES;
				CLANG_WARN_OBJC_IMPLICIT_RETAIN_SELF = YES;
				CLANG_WARN_OBJC_LITERAL_CONVERSION = YES;
				CLANG_WARN_OBJC_ROOT_CLASS = YES_ERROR;
				CLANG_WARN_QUOTED_INCLUDE_IN_FRAMEWORK_HEADER = YES;
				CLANG_WARN_RANGE_LOOP_ANALYSIS = YES;
				CLANG_WARN_STRICT_PROTOTYPES = YES;
				CLANG_WARN_SUSPICIOUS_MOVE = YES;
				CLANG_WARN_UNGUARDED_AVAILABILITY = YES_AGGRESSIVE;
				CLANG_WARN_UNREACHABLE_CODE = YES;
				CLANG_WARN__DUPLICATE_METHOD_MATCH = YES;
				COPY_PHASE_STRIP = NO;
				DEBUG_INFORMATION_FORMAT = "dwarf-with-dsym";
				ENABLE_NS_ASSERTIONS = NO;
				ENABLE_STRICT_OBJC_MSGSEND = YES;
				GCC_C_LANGUAGE_STANDARD = gnu11;
				GCC_NO_COMMON_BLOCKS = YES;
				GCC_WARN_64_TO_32_BIT_CONVERSION = YES;
				GCC_WARN_ABOUT_RETURN_TYPE = YES_ERROR;
				GCC_WARN_UNDECLARED_SELECTOR = YES;
				GCC_WARN_UNINITIALIZED_AUTOS = YES_AGGRESSIVE;
				GCC_WARN_UNUSED_FUNCTION = YES;
				GCC_WARN_UNUSED_VARIABLE = YES;
				IPHONEOS_DEPLOYMENT_TARGET = 14.4;
				MTL_ENABLE_DEBUG_INFO = NO;
				MTL_FAST_MATH = YES;
				SDKROOT = iphoneos;
				SWIFT_COMPILATION_MODE = wholemodule;
				SWIFT_OPTIMIZATION_LEVEL = "-O";
				VALIDATE_PRODUCT = YES;
			};
			name = Release;
		};
		D2DBAAEB25E0474A0005042D /* Debug */ = {
			isa = XCBuildConfiguration;
			buildSettings = {
				ASSETCATALOG_COMPILER_APPICON_NAME = AppIcon;
				ASSETCATALOG_COMPILER_GLOBAL_ACCENT_COLOR_NAME = AccentColor;
				CODE_SIGN_STYLE = Automatic;
				DEVELOPMENT_ASSET_PATHS = "\"BookMyVaccine/Preview Content\"";
				ENABLE_PREVIEWS = YES;
				INFOPLIST_FILE = BookMyVaccine/Support/Info.plist;
				IPHONEOS_DEPLOYMENT_TARGET = 14.0;
				LD_RUNPATH_SEARCH_PATHS = (
					"$(inherited)",
					"@executable_path/Frameworks",
				);
				PRODUCT_BUNDLE_IDENTIFIER = com.swiftuijam.BookMyVaccine;
				PRODUCT_NAME = "$(TARGET_NAME)";
				SWIFT_VERSION = 5.0;
				TARGETED_DEVICE_FAMILY = "1,2";
			};
			name = Debug;
		};
		D2DBAAEC25E0474A0005042D /* Release */ = {
			isa = XCBuildConfiguration;
			buildSettings = {
				ASSETCATALOG_COMPILER_APPICON_NAME = AppIcon;
				ASSETCATALOG_COMPILER_GLOBAL_ACCENT_COLOR_NAME = AccentColor;
				CODE_SIGN_STYLE = Automatic;
				DEVELOPMENT_ASSET_PATHS = "\"BookMyVaccine/Preview Content\"";
				ENABLE_PREVIEWS = YES;
				INFOPLIST_FILE = BookMyVaccine/Support/Info.plist;
				IPHONEOS_DEPLOYMENT_TARGET = 14.0;
				LD_RUNPATH_SEARCH_PATHS = (
					"$(inherited)",
					"@executable_path/Frameworks",
				);
				PRODUCT_BUNDLE_IDENTIFIER = com.swiftuijam.BookMyVaccine;
				PRODUCT_NAME = "$(TARGET_NAME)";
				SWIFT_VERSION = 5.0;
				TARGETED_DEVICE_FAMILY = "1,2";
			};
			name = Release;
		};
/* End XCBuildConfiguration section */

/* Begin XCConfigurationList section */
		D2DBAAD625E047490005042D /* Build configuration list for PBXProject "BookMyVaccine" */ = {
			isa = XCConfigurationList;
			buildConfigurations = (
				D2DBAAE825E0474A0005042D /* Debug */,
				D2DBAAE925E0474A0005042D /* Release */,
			);
			defaultConfigurationIsVisible = 0;
			defaultConfigurationName = Release;
		};
		D2DBAAEA25E0474A0005042D /* Build configuration list for PBXNativeTarget "BookMyVaccine" */ = {
			isa = XCConfigurationList;
			buildConfigurations = (
				D2DBAAEB25E0474A0005042D /* Debug */,
				D2DBAAEC25E0474A0005042D /* Release */,
			);
			defaultConfigurationIsVisible = 0;
			defaultConfigurationName = Release;
		};
/* End XCConfigurationList section */
	};
	rootObject = D2DBAAD325E047490005042D /* Project object */;
}
